// !$*UTF8*$!
{
	archiveVersion = 1;
	classes = {
	};
	objectVersion = 56;
	objects = {

/* Begin PBXBuildFile section */
		AE28D58229F85C050032CA76 /* example-watch Watch App.app in Embed Watch Content */ = {isa = PBXBuildFile; fileRef = AE28D58129F85C050032CA76 /* example-watch Watch App.app */; settings = {ATTRIBUTES = (RemoveHeadersOnCopy, ); }; };
		AE28D58729F85C050032CA76 /* example_watchApp.swift in Sources */ = {isa = PBXBuildFile; fileRef = AE28D58629F85C050032CA76 /* example_watchApp.swift */; };
		AE28D58929F85C050032CA76 /* ContentView.swift in Sources */ = {isa = PBXBuildFile; fileRef = AE28D58829F85C050032CA76 /* ContentView.swift */; };
		AE28D58B29F85C070032CA76 /* Assets.xcassets in Resources */ = {isa = PBXBuildFile; fileRef = AE28D58A29F85C070032CA76 /* Assets.xcassets */; };
		AE28D58E29F85C070032CA76 /* Preview Assets.xcassets in Resources */ = {isa = PBXBuildFile; fileRef = AE28D58D29F85C070032CA76 /* Preview Assets.xcassets */; };
		AE28D59829F85C070032CA76 /* example_watch_Watch_AppTests.swift in Sources */ = {isa = PBXBuildFile; fileRef = AE28D59729F85C070032CA76 /* example_watch_Watch_AppTests.swift */; };
		AE28D5A229F85C070032CA76 /* example_watch_Watch_AppUITests.swift in Sources */ = {isa = PBXBuildFile; fileRef = AE28D5A129F85C070032CA76 /* example_watch_Watch_AppUITests.swift */; };
		AE28D5A429F85C070032CA76 /* example_watch_Watch_AppUITestsLaunchTests.swift in Sources */ = {isa = PBXBuildFile; fileRef = AE28D5A329F85C070032CA76 /* example_watch_Watch_AppUITestsLaunchTests.swift */; };
/* End PBXBuildFile section */

/* Begin PBXContainerItemProxy section */
		AE28D58329F85C050032CA76 /* PBXContainerItemProxy */ = {
			isa = PBXContainerItemProxy;
			containerPortal = AE28D57529F85C040032CA76 /* Project object */;
			proxyType = 1;
			remoteGlobalIDString = AE28D58029F85C050032CA76;
			remoteInfo = "example-watch Watch App";
		};
		AE28D59429F85C070032CA76 /* PBXContainerItemProxy */ = {
			isa = PBXContainerItemProxy;
			containerPortal = AE28D57529F85C040032CA76 /* Project object */;
			proxyType = 1;
			remoteGlobalIDString = AE28D58029F85C050032CA76;
			remoteInfo = "example-watch Watch App";
		};
		AE28D59E29F85C070032CA76 /* PBXContainerItemProxy */ = {
			isa = PBXContainerItemProxy;
			containerPortal = AE28D57529F85C040032CA76 /* Project object */;
			proxyType = 1;
			remoteGlobalIDString = AE28D58029F85C050032CA76;
			remoteInfo = "example-watch Watch App";
		};
/* End PBXContainerItemProxy section */

/* Begin PBXCopyFilesBuildPhase section */
		AE28D5AA29F85C070032CA76 /* Embed Watch Content */ = {
			isa = PBXCopyFilesBuildPhase;
			buildActionMask = 2147483647;
			dstPath = "$(CONTENTS_FOLDER_PATH)/Watch";
			dstSubfolderSpec = 16;
			files = (
				AE28D58229F85C050032CA76 /* example-watch Watch App.app in Embed Watch Content */,
			);
			name = "Embed Watch Content";
			runOnlyForDeploymentPostprocessing = 0;
		};
/* End PBXCopyFilesBuildPhase section */

/* Begin PBXFileReference section */
		AE28D57B29F85C050032CA76 /* example-watch.app */ = {isa = PBXFileReference; explicitFileType = wrapper.application; includeInIndex = 0; path = "example-watch.app"; sourceTree = BUILT_PRODUCTS_DIR; };
		AE28D58129F85C050032CA76 /* example-watch Watch App.app */ = {isa = PBXFileReference; explicitFileType = wrapper.application; includeInIndex = 0; path = "example-watch Watch App.app"; sourceTree = BUILT_PRODUCTS_DIR; };
		AE28D58629F85C050032CA76 /* example_watchApp.swift */ = {isa = PBXFileReference; lastKnownFileType = sourcecode.swift; path = example_watchApp.swift; sourceTree = "<group>"; };
		AE28D58829F85C050032CA76 /* ContentView.swift */ = {isa = PBXFileReference; lastKnownFileType = sourcecode.swift; path = ContentView.swift; sourceTree = "<group>"; };
		AE28D58A29F85C070032CA76 /* Assets.xcassets */ = {isa = PBXFileReference; lastKnownFileType = folder.assetcatalog; path = Assets.xcassets; sourceTree = "<group>"; };
		AE28D58D29F85C070032CA76 /* Preview Assets.xcassets */ = {isa = PBXFileReference; lastKnownFileType = folder.assetcatalog; path = "Preview Assets.xcassets"; sourceTree = "<group>"; };
		AE28D59329F85C070032CA76 /* example-watch Watch AppTests.xctest */ = {isa = PBXFileReference; explicitFileType = wrapper.cfbundle; includeInIndex = 0; path = "example-watch Watch AppTests.xctest"; sourceTree = BUILT_PRODUCTS_DIR; };
		AE28D59729F85C070032CA76 /* example_watch_Watch_AppTests.swift */ = {isa = PBXFileReference; lastKnownFileType = sourcecode.swift; path = example_watch_Watch_AppTests.swift; sourceTree = "<group>"; };
		AE28D59D29F85C070032CA76 /* example-watch Watch AppUITests.xctest */ = {isa = PBXFileReference; explicitFileType = wrapper.cfbundle; includeInIndex = 0; path = "example-watch Watch AppUITests.xctest"; sourceTree = BUILT_PRODUCTS_DIR; };
		AE28D5A129F85C070032CA76 /* example_watch_Watch_AppUITests.swift */ = {isa = PBXFileReference; lastKnownFileType = sourcecode.swift; path = example_watch_Watch_AppUITests.swift; sourceTree = "<group>"; };
		AE28D5A329F85C070032CA76 /* example_watch_Watch_AppUITestsLaunchTests.swift */ = {isa = PBXFileReference; lastKnownFileType = sourcecode.swift; path = example_watch_Watch_AppUITestsLaunchTests.swift; sourceTree = "<group>"; };
/* End PBXFileReference section */

/* Begin PBXFrameworksBuildPhase section */
		AE28D57E29F85C050032CA76 /* Frameworks */ = {
			isa = PBXFrameworksBuildPhase;
			buildActionMask = 2147483647;
			files = (
			);
			runOnlyForDeploymentPostprocessing = 0;
		};
		AE28D59029F85C070032CA76 /* Frameworks */ = {
			isa = PBXFrameworksBuildPhase;
			buildActionMask = 2147483647;
			files = (
			);
			runOnlyForDeploymentPostprocessing = 0;
		};
		AE28D59A29F85C070032CA76 /* Frameworks */ = {
			isa = PBXFrameworksBuildPhase;
			buildActionMask = 2147483647;
			files = (
			);
			runOnlyForDeploymentPostprocessing = 0;
		};
/* End PBXFrameworksBuildPhase section */

/* Begin PBXGroup section */
		AE28D57429F85C040032CA76 = {
			isa = PBXGroup;
			children = (
				AE28D58529F85C050032CA76 /* example-watch Watch App */,
				AE28D59629F85C070032CA76 /* example-watch Watch AppTests */,
				AE28D5A029F85C070032CA76 /* example-watch Watch AppUITests */,
				AE28D57C29F85C050032CA76 /* Products */,
			);
			sourceTree = "<group>";
		};
		AE28D57C29F85C050032CA76 /* Products */ = {
			isa = PBXGroup;
			children = (
				AE28D57B29F85C050032CA76 /* example-watch.app */,
				AE28D58129F85C050032CA76 /* example-watch Watch App.app */,
				AE28D59329F85C070032CA76 /* example-watch Watch AppTests.xctest */,
				AE28D59D29F85C070032CA76 /* example-watch Watch AppUITests.xctest */,
			);
			name = Products;
			sourceTree = "<group>";
		};
		AE28D58529F85C050032CA76 /* example-watch Watch App */ = {
			isa = PBXGroup;
			children = (
				AE28D58629F85C050032CA76 /* example_watchApp.swift */,
				AE28D58829F85C050032CA76 /* ContentView.swift */,
				AE28D58A29F85C070032CA76 /* Assets.xcassets */,
				AE28D58C29F85C070032CA76 /* Preview Content */,
			);
			path = "example-watch Watch App";
			sourceTree = "<group>";
		};
		AE28D58C29F85C070032CA76 /* Preview Content */ = {
			isa = PBXGroup;
			children = (
				AE28D58D29F85C070032CA76 /* Preview Assets.xcassets */,
			);
			path = "Preview Content";
			sourceTree = "<group>";
		};
		AE28D59629F85C070032CA76 /* example-watch Watch AppTests */ = {
			isa = PBXGroup;
			children = (
				AE28D59729F85C070032CA76 /* example_watch_Watch_AppTests.swift */,
			);
			path = "example-watch Watch AppTests";
			sourceTree = "<group>";
		};
		AE28D5A029F85C070032CA76 /* example-watch Watch AppUITests */ = {
			isa = PBXGroup;
			children = (
				AE28D5A129F85C070032CA76 /* example_watch_Watch_AppUITests.swift */,
				AE28D5A329F85C070032CA76 /* example_watch_Watch_AppUITestsLaunchTests.swift */,
			);
			path = "example-watch Watch AppUITests";
			sourceTree = "<group>";
		};
/* End PBXGroup section */

/* Begin PBXNativeTarget section */
		AE28D57A29F85C050032CA76 /* example-watch */ = {
			isa = PBXNativeTarget;
			buildConfigurationList = AE28D5AB29F85C070032CA76 /* Build configuration list for PBXNativeTarget "example-watch" */;
			buildPhases = (
				AE28D57929F85C050032CA76 /* Resources */,
				AE28D5AA29F85C070032CA76 /* Embed Watch Content */,
			);
			buildRules = (
			);
			dependencies = (
				AE28D58429F85C050032CA76 /* PBXTargetDependency */,
			);
			name = "example-watch";
			productName = "example-watch";
			productReference = AE28D57B29F85C050032CA76 /* example-watch.app */;
			productType = "com.apple.product-type.application.watchapp2-container";
		};
		AE28D58029F85C050032CA76 /* example-watch Watch App */ = {
			isa = PBXNativeTarget;
			buildConfigurationList = AE28D5A729F85C070032CA76 /* Build configuration list for PBXNativeTarget "example-watch Watch App" */;
			buildPhases = (
				AE28D57D29F85C050032CA76 /* Sources */,
				AE28D57E29F85C050032CA76 /* Frameworks */,
				AE28D57F29F85C050032CA76 /* Resources */,
			);
			buildRules = (
			);
			dependencies = (
			);
			name = "example-watch Watch App";
			productName = "example-watch Watch App";
			productReference = AE28D58129F85C050032CA76 /* example-watch Watch App.app */;
			productType = "com.apple.product-type.application";
		};
		AE28D59229F85C070032CA76 /* example-watch Watch AppTests */ = {
			isa = PBXNativeTarget;
			buildConfigurationList = AE28D5AE29F85C070032CA76 /* Build configuration list for PBXNativeTarget "example-watch Watch AppTests" */;
			buildPhases = (
				AE28D58F29F85C070032CA76 /* Sources */,
				AE28D59029F85C070032CA76 /* Frameworks */,
				AE28D59129F85C070032CA76 /* Resources */,
			);
			buildRules = (
			);
			dependencies = (
				AE28D59529F85C070032CA76 /* PBXTargetDependency */,
			);
			name = "example-watch Watch AppTests";
			productName = "example-watch Watch AppTests";
			productReference = AE28D59329F85C070032CA76 /* example-watch Watch AppTests.xctest */;
			productType = "com.apple.product-type.bundle.unit-test";
		};
		AE28D59C29F85C070032CA76 /* example-watch Watch AppUITests */ = {
			isa = PBXNativeTarget;
			buildConfigurationList = AE28D5B129F85C070032CA76 /* Build configuration list for PBXNativeTarget "example-watch Watch AppUITests" */;
			buildPhases = (
				AE28D59929F85C070032CA76 /* Sources */,
				AE28D59A29F85C070032CA76 /* Frameworks */,
				AE28D59B29F85C070032CA76 /* Resources */,
			);
			buildRules = (
			);
			dependencies = (
				AE28D59F29F85C070032CA76 /* PBXTargetDependency */,
			);
			name = "example-watch Watch AppUITests";
			productName = "example-watch Watch AppUITests";
			productReference = AE28D59D29F85C070032CA76 /* example-watch Watch AppUITests.xctest */;
			productType = "com.apple.product-type.bundle.ui-testing";
		};
/* End PBXNativeTarget section */

/* Begin PBXProject section */
		AE28D57529F85C040032CA76 /* Project object */ = {
			isa = PBXProject;
			attributes = {
				BuildIndependentTargetsInParallel = 1;
				LastSwiftUpdateCheck = 1430;
				LastUpgradeCheck = 1430;
				TargetAttributes = {
					AE28D57A29F85C050032CA76 = {
						CreatedOnToolsVersion = 14.3;
					};
					AE28D58029F85C050032CA76 = {
						CreatedOnToolsVersion = 14.3;
					};
					AE28D59229F85C070032CA76 = {
						CreatedOnToolsVersion = 14.3;
						TestTargetID = AE28D58029F85C050032CA76;
					};
					AE28D59C29F85C070032CA76 = {
						CreatedOnToolsVersion = 14.3;
						TestTargetID = AE28D58029F85C050032CA76;
					};
				};
			};
			buildConfigurationList = AE28D57829F85C040032CA76 /* Build configuration list for PBXProject "example-watch" */;
			compatibilityVersion = "Xcode 14.0";
			developmentRegion = en;
			hasScannedForEncodings = 0;
			knownRegions = (
				en,
				Base,
			);
			mainGroup = AE28D57429F85C040032CA76;
			productRefGroup = AE28D57C29F85C050032CA76 /* Products */;
			projectDirPath = "";
			projectRoot = "";
			targets = (
				AE28D57A29F85C050032CA76 /* example-watch */,
				AE28D58029F85C050032CA76 /* example-watch Watch App */,
				AE28D59229F85C070032CA76 /* example-watch Watch AppTests */,
				AE28D59C29F85C070032CA76 /* example-watch Watch AppUITests */,
			);
		};
/* End PBXProject section */

/* Begin PBXResourcesBuildPhase section */
		AE28D57929F85C050032CA76 /* Resources */ = {
			isa = PBXResourcesBuildPhase;
			buildActionMask = 2147483647;
			files = (
			);
			runOnlyForDeploymentPostprocessing = 0;
		};
		AE28D57F29F85C050032CA76 /* Resources */ = {
			isa = PBXResourcesBuildPhase;
			buildActionMask = 2147483647;
			files = (
				AE28D58E29F85C070032CA76 /* Preview Assets.xcassets in Resources */,
				AE28D58B29F85C070032CA76 /* Assets.xcassets in Resources */,
			);
			runOnlyForDeploymentPostprocessing = 0;
		};
		AE28D59129F85C070032CA76 /* Resources */ = {
			isa = PBXResourcesBuildPhase;
			buildActionMask = 2147483647;
			files = (
			);
			runOnlyForDeploymentPostprocessing = 0;
		};
		AE28D59B29F85C070032CA76 /* Resources */ = {
			isa = PBXResourcesBuildPhase;
			buildActionMask = 2147483647;
			files = (
			);
			runOnlyForDeploymentPostprocessing = 0;
		};
/* End PBXResourcesBuildPhase section */

/* Begin PBXSourcesBuildPhase section */
		AE28D57D29F85C050032CA76 /* Sources */ = {
			isa = PBXSourcesBuildPhase;
			buildActionMask = 2147483647;
			files = (
				AE28D58929F85C050032CA76 /* ContentView.swift in Sources */,
				AE28D58729F85C050032CA76 /* example_watchApp.swift in Sources */,
			);
			runOnlyForDeploymentPostprocessing = 0;
		};
		AE28D58F29F85C070032CA76 /* Sources */ = {
			isa = PBXSourcesBuildPhase;
			buildActionMask = 2147483647;
			files = (
				AE28D59829F85C070032CA76 /* example_watch_Watch_AppTests.swift in Sources */,
			);
			runOnlyForDeploymentPostprocessing = 0;
		};
		AE28D59929F85C070032CA76 /* Sources */ = {
			isa = PBXSourcesBuildPhase;
			buildActionMask = 2147483647;
			files = (
				AE28D5A229F85C070032CA76 /* example_watch_Watch_AppUITests.swift in Sources */,
				AE28D5A429F85C070032CA76 /* example_watch_Watch_AppUITestsLaunchTests.swift in Sources */,
			);
			runOnlyForDeploymentPostprocessing = 0;
		};
/* End PBXSourcesBuildPhase section */

/* Begin PBXTargetDependency section */
		AE28D58429F85C050032CA76 /* PBXTargetDependency */ = {
			isa = PBXTargetDependency;
			target = AE28D58029F85C050032CA76 /* example-watch Watch App */;
			targetProxy = AE28D58329F85C050032CA76 /* PBXContainerItemProxy */;
		};
		AE28D59529F85C070032CA76 /* PBXTargetDependency */ = {
			isa = PBXTargetDependency;
			target = AE28D58029F85C050032CA76 /* example-watch Watch App */;
			targetProxy = AE28D59429F85C070032CA76 /* PBXContainerItemProxy */;
		};
		AE28D59F29F85C070032CA76 /* PBXTargetDependency */ = {
			isa = PBXTargetDependency;
			target = AE28D58029F85C050032CA76 /* example-watch Watch App */;
			targetProxy = AE28D59E29F85C070032CA76 /* PBXContainerItemProxy */;
		};
/* End PBXTargetDependency section */

/* Begin XCBuildConfiguration section */
		AE28D5A529F85C070032CA76 /* Debug */ = {
			isa = XCBuildConfiguration;
			buildSettings = {
				ALWAYS_SEARCH_USER_PATHS = NO;
				CLANG_ANALYZER_NONNULL = YES;
				CLANG_ANALYZER_NUMBER_OBJECT_CONVERSION = YES_AGGRESSIVE;
				CLANG_CXX_LANGUAGE_STANDARD = "gnu++20";
				CLANG_ENABLE_MODULES = YES;
				CLANG_ENABLE_OBJC_ARC = YES;
				CLANG_ENABLE_OBJC_WEAK = YES;
				CLANG_WARN_BLOCK_CAPTURE_AUTORELEASING = YES;
				CLANG_WARN_BOOL_CONVERSION = YES;
				CLANG_WARN_COMMA = YES;
				CLANG_WARN_CONSTANT_CONVERSION = YES;
				CLANG_WARN_DEPRECATED_OBJC_IMPLEMENTATIONS = YES;
				CLANG_WARN_DIRECT_OBJC_ISA_USAGE = YES_ERROR;
				CLANG_WARN_DOCUMENTATION_COMMENTS = YES;
				CLANG_WARN_EMPTY_BODY = YES;
				CLANG_WARN_ENUM_CONVERSION = YES;
				CLANG_WARN_INFINITE_RECURSION = YES;
				CLANG_WARN_INT_CONVERSION = YES;
				CLANG_WARN_NON_LITERAL_NULL_CONVERSION = YES;
				CLANG_WARN_OBJC_IMPLICIT_RETAIN_SELF = YES;
				CLANG_WARN_OBJC_LITERAL_CONVERSION = YES;
				CLANG_WARN_OBJC_ROOT_CLASS = YES_ERROR;
				CLANG_WARN_QUOTED_INCLUDE_IN_FRAMEWORK_HEADER = YES;
				CLANG_WARN_RANGE_LOOP_ANALYSIS = YES;
				CLANG_WARN_STRICT_PROTOTYPES = YES;
				CLANG_WARN_SUSPICIOUS_MOVE = YES;
				CLANG_WARN_UNGUARDED_AVAILABILITY = YES_AGGRESSIVE;
				CLANG_WARN_UNREACHABLE_CODE = YES;
				CLANG_WARN__DUPLICATE_METHOD_MATCH = YES;
				COPY_PHASE_STRIP = NO;
				DEBUG_INFORMATION_FORMAT = dwarf;
				ENABLE_STRICT_OBJC_MSGSEND = YES;
				ENABLE_TESTABILITY = YES;
				GCC_C_LANGUAGE_STANDARD = gnu11;
				GCC_DYNAMIC_NO_PIC = NO;
				GCC_NO_COMMON_BLOCKS = YES;
				GCC_OPTIMIZATION_LEVEL = 0;
				GCC_PREPROCESSOR_DEFINITIONS = (
					"DEBUG=1",
					"$(inherited)",
				);
				GCC_WARN_64_TO_32_BIT_CONVERSION = YES;
				GCC_WARN_ABOUT_RETURN_TYPE = YES_ERROR;
				GCC_WARN_UNDECLARED_SELECTOR = YES;
				GCC_WARN_UNINITIALIZED_AUTOS = YES_AGGRESSIVE;
				GCC_WARN_UNUSED_FUNCTION = YES;
				GCC_WARN_UNUSED_VARIABLE = YES;
				MTL_ENABLE_DEBUG_INFO = INCLUDE_SOURCE;
				MTL_FAST_MATH = YES;
				ONLY_ACTIVE_ARCH = YES;
				SWIFT_ACTIVE_COMPILATION_CONDITIONS = DEBUG;
				SWIFT_OPTIMIZATION_LEVEL = "-Onone";
			};
			name = Debug;
		};
		AE28D5A629F85C070032CA76 /* Release */ = {
			isa = XCBuildConfiguration;
			buildSettings = {
				ALWAYS_SEARCH_USER_PATHS = NO;
				CLANG_ANALYZER_NONNULL = YES;
				CLANG_ANALYZER_NUMBER_OBJECT_CONVERSION = YES_AGGRESSIVE;
				CLANG_CXX_LANGUAGE_STANDARD = "gnu++20";
				CLANG_ENABLE_MODULES = YES;
				CLANG_ENABLE_OBJC_ARC = YES;
				CLANG_ENABLE_OBJC_WEAK = YES;
				CLANG_WARN_BLOCK_CAPTURE_AUTORELEASING = YES;
				CLANG_WARN_BOOL_CONVERSION = YES;
				CLANG_WARN_COMMA = YES;
				CLANG_WARN_CONSTANT_CONVERSION = YES;
				CLANG_WARN_DEPRECATED_OBJC_IMPLEMENTATIONS = YES;
				CLANG_WARN_DIRECT_OBJC_ISA_USAGE = YES_ERROR;
				CLANG_WARN_DOCUMENTATION_COMMENTS = YES;
				CLANG_WARN_EMPTY_BODY = YES;
				CLANG_WARN_ENUM_CONVERSION = YES;
				CLANG_WARN_INFINITE_RECURSION = YES;
				CLANG_WARN_INT_CONVERSION = YES;
				CLANG_WARN_NON_LITERAL_NULL_CONVERSION = YES;
				CLANG_WARN_OBJC_IMPLICIT_RETAIN_SELF = YES;
				CLANG_WARN_OBJC_LITERAL_CONVERSION = YES;
				CLANG_WARN_OBJC_ROOT_CLASS = YES_ERROR;
				CLANG_WARN_QUOTED_INCLUDE_IN_FRAMEWORK_HEADER = YES;
				CLANG_WARN_RANGE_LOOP_ANALYSIS = YES;
				CLANG_WARN_STRICT_PROTOTYPES = YES;
				CLANG_WARN_SUSPICIOUS_MOVE = YES;
				CLANG_WARN_UNGUARDED_AVAILABILITY = YES_AGGRESSIVE;
				CLANG_WARN_UNREACHABLE_CODE = YES;
				CLANG_WARN__DUPLICATE_METHOD_MATCH = YES;
				COPY_PHASE_STRIP = NO;
				DEBUG_INFORMATION_FORMAT = "dwarf-with-dsym";
				ENABLE_NS_ASSERTIONS = NO;
				ENABLE_STRICT_OBJC_MSGSEND = YES;
				GCC_C_LANGUAGE_STANDARD = gnu11;
				GCC_NO_COMMON_BLOCKS = YES;
				GCC_WARN_64_TO_32_BIT_CONVERSION = YES;
				GCC_WARN_ABOUT_RETURN_TYPE = YES_ERROR;
				GCC_WARN_UNDECLARED_SELECTOR = YES;
				GCC_WARN_UNINITIALIZED_AUTOS = YES_AGGRESSIVE;
				GCC_WARN_UNUSED_FUNCTION = YES;
				GCC_WARN_UNUSED_VARIABLE = YES;
				MTL_ENABLE_DEBUG_INFO = NO;
				MTL_FAST_MATH = YES;
				SWIFT_COMPILATION_MODE = wholemodule;
				SWIFT_OPTIMIZATION_LEVEL = "-O";
			};
			name = Release;
		};
		AE28D5A829F85C070032CA76 /* Debug */ = {
			isa = XCBuildConfiguration;
			buildSettings = {
				ASSETCATALOG_COMPILER_APPICON_NAME = AppIcon;
				ASSETCATALOG_COMPILER_GLOBAL_ACCENT_COLOR_NAME = AccentColor;
				CODE_SIGN_STYLE = Automatic;
				CURRENT_PROJECT_VERSION = 1;
				DEVELOPMENT_ASSET_PATHS = "\"example-watch Watch App/Preview Content\"";
				ENABLE_PREVIEWS = YES;
				GENERATE_INFOPLIST_FILE = YES;
				INFOPLIST_KEY_CFBundleDisplayName = "example-watch";
				INFOPLIST_KEY_UISupportedInterfaceOrientations = "UIInterfaceOrientationPortrait UIInterfaceOrientationPortraitUpsideDown";
				INFOPLIST_KEY_WKWatchOnly = YES;
				LD_RUNPATH_SEARCH_PATHS = (
					"$(inherited)",
					"@executable_path/Frameworks",
				);
				MARKETING_VERSION = 1.0;
				PRODUCT_BUNDLE_IDENTIFIER = "site.m4k.example-watch.watchkitapp";
				PRODUCT_NAME = "$(TARGET_NAME)";
				SDKROOT = watchos;
				SKIP_INSTALL = YES;
				SWIFT_EMIT_LOC_STRINGS = YES;
				SWIFT_VERSION = 5.0;
				TARGETED_DEVICE_FAMILY = 4;
				WATCHOS_DEPLOYMENT_TARGET = 9.4;
			};
			name = Debug;
		};
		AE28D5A929F85C070032CA76 /* Release */ = {
			isa = XCBuildConfiguration;
			buildSettings = {
				ASSETCATALOG_COMPILER_APPICON_NAME = AppIcon;
				ASSETCATALOG_COMPILER_GLOBAL_ACCENT_COLOR_NAME = AccentColor;
				CODE_SIGN_STYLE = Automatic;
				CURRENT_PROJECT_VERSION = 1;
				DEVELOPMENT_ASSET_PATHS = "\"example-watch Watch App/Preview Content\"";
				ENABLE_PREVIEWS = YES;
				GENERATE_INFOPLIST_FILE = YES;
				INFOPLIST_KEY_CFBundleDisplayName = "example-watch";
				INFOPLIST_KEY_UISupportedInterfaceOrientations = "UIInterfaceOrientationPortrait UIInterfaceOrientationPortraitUpsideDown";
				INFOPLIST_KEY_WKWatchOnly = YES;
				LD_RUNPATH_SEARCH_PATHS = (
					"$(inherited)",
					"@executable_path/Frameworks",
				);
				MARKETING_VERSION = 1.0;
				PRODUCT_BUNDLE_IDENTIFIER = "site.m4k.example-watch.watchkitapp";
				PRODUCT_NAME = "$(TARGET_NAME)";
				SDKROOT = watchos;
				SKIP_INSTALL = YES;
				SWIFT_EMIT_LOC_STRINGS = YES;
				SWIFT_VERSION = 5.0;
				TARGETED_DEVICE_FAMILY = 4;
				VALIDATE_PRODUCT = YES;
				WATCHOS_DEPLOYMENT_TARGET = 9.4;
			};
			name = Release;
		};
		AE28D5AC29F85C070032CA76 /* Debug */ = {
			isa = XCBuildConfiguration;
			buildSettings = {
				ALWAYS_EMBED_SWIFT_STANDARD_LIBRARIES = YES;
				CODE_SIGN_STYLE = Automatic;
				CURRENT_PROJECT_VERSION = 1;
				INFOPLIST_KEY_CFBundleDisplayName = "example-watch";
				MARKETING_VERSION = 1.0;
				PRODUCT_BUNDLE_IDENTIFIER = "site.m4k.example-watch";
				PRODUCT_NAME = "$(TARGET_NAME)";
				SDKROOT = iphoneos;
				SWIFT_VERSION = 5.0;
			};
			name = Debug;
		};
		AE28D5AD29F85C070032CA76 /* Release */ = {
			isa = XCBuildConfiguration;
			buildSettings = {
				ALWAYS_EMBED_SWIFT_STANDARD_LIBRARIES = YES;
				CODE_SIGN_STYLE = Automatic;
				CURRENT_PROJECT_VERSION = 1;
				INFOPLIST_KEY_CFBundleDisplayName = "example-watch";
				MARKETING_VERSION = 1.0;
				PRODUCT_BUNDLE_IDENTIFIER = "site.m4k.example-watch";
				PRODUCT_NAME = "$(TARGET_NAME)";
				SDKROOT = iphoneos;
				SWIFT_VERSION = 5.0;
				VALIDATE_PRODUCT = YES;
			};
			name = Release;
		};
		AE28D5AF29F85C070032CA76 /* Debug */ = {
			isa = XCBuildConfiguration;
			buildSettings = {
				ALWAYS_EMBED_SWIFT_STANDARD_LIBRARIES = YES;
				BUNDLE_LOADER = "$(TEST_HOST)";
				CODE_SIGN_STYLE = Automatic;
				CURRENT_PROJECT_VERSION = 1;
				GENERATE_INFOPLIST_FILE = YES;
				MARKETING_VERSION = 1.0;
				PRODUCT_BUNDLE_IDENTIFIER = "site.m4k.example-watch-Watch-AppTests";
				PRODUCT_NAME = "$(TARGET_NAME)";
				SDKROOT = watchos;
				SWIFT_EMIT_LOC_STRINGS = NO;
				SWIFT_VERSION = 5.0;
				TARGETED_DEVICE_FAMILY = 4;
				TEST_HOST = "$(BUILT_PRODUCTS_DIR)/example-watch Watch App.app/$(BUNDLE_EXECUTABLE_FOLDER_PATH)/example-watch Watch App";
				WATCHOS_DEPLOYMENT_TARGET = 9.4;
			};
			name = Debug;
		};
		AE28D5B029F85C070032CA76 /* Release */ = {
			isa = XCBuildConfiguration;
			buildSettings = {
				ALWAYS_EMBED_SWIFT_STANDARD_LIBRARIES = YES;
				BUNDLE_LOADER = "$(TEST_HOST)";
				CODE_SIGN_STYLE = Automatic;
				CURRENT_PROJECT_VERSION = 1;
				GENERATE_INFOPLIST_FILE = YES;
				MARKETING_VERSION = 1.0;
				PRODUCT_BUNDLE_IDENTIFIER = "site.m4k.example-watch-Watch-AppTests";
				PRODUCT_NAME = "$(TARGET_NAME)";
				SDKROOT = watchos;
				SWIFT_EMIT_LOC_STRINGS = NO;
				SWIFT_VERSION = 5.0;
				TARGETED_DEVICE_FAMILY = 4;
				TEST_HOST = "$(BUILT_PRODUCTS_DIR)/example-watch Watch App.app/$(BUNDLE_EXECUTABLE_FOLDER_PATH)/example-watch Watch App";
				VALIDATE_PRODUCT = YES;
				WATCHOS_DEPLOYMENT_TARGET = 9.4;
			};
			name = Release;
		};
		AE28D5B229F85C070032CA76 /* Debug */ = {
			isa = XCBuildConfiguration;
			buildSettings = {
				ALWAYS_EMBED_SWIFT_STANDARD_LIBRARIES = YES;
				CODE_SIGN_STYLE = Automatic;
				CURRENT_PROJECT_VERSION = 1;
				GENERATE_INFOPLIST_FILE = YES;
				MARKETING_VERSION = 1.0;
				PRODUCT_BUNDLE_IDENTIFIER = "site.m4k.example-watch-Watch-AppUITests";
				PRODUCT_NAME = "$(TARGET_NAME)";
				SDKROOT = watchos;
				SWIFT_EMIT_LOC_STRINGS = NO;
				SWIFT_VERSION = 5.0;
				TARGETED_DEVICE_FAMILY = 4;
				TEST_TARGET_NAME = "example-watch Watch App";
				WATCHOS_DEPLOYMENT_TARGET = 9.4;
			};
			name = Debug;
		};
		AE28D5B329F85C070032CA76 /* Release */ = {
			isa = XCBuildConfiguration;
			buildSettings = {
				ALWAYS_EMBED_SWIFT_STANDARD_LIBRARIES = YES;
				CODE_SIGN_STYLE = Automatic;
				CURRENT_PROJECT_VERSION = 1;
				GENERATE_INFOPLIST_FILE = YES;
				MARKETING_VERSION = 1.0;
				PRODUCT_BUNDLE_IDENTIFIER = "site.m4k.example-watch-Watch-AppUITests";
				PRODUCT_NAME = "$(TARGET_NAME)";
				SDKROOT = watchos;
				SWIFT_EMIT_LOC_STRINGS = NO;
				SWIFT_VERSION = 5.0;
				TARGETED_DEVICE_FAMILY = 4;
				TEST_TARGET_NAME = "example-watch Watch App";
				VALIDATE_PRODUCT = YES;
				WATCHOS_DEPLOYMENT_TARGET = 9.4;
			};
			name = Release;
		};
/* End XCBuildConfiguration section */

/* Begin XCConfigurationList section */
		AE28D57829F85C040032CA76 /* Build configuration list for PBXProject "example-watch" */ = {
			isa = XCConfigurationList;
			buildConfigurations = (
				AE28D5A529F85C070032CA76 /* Debug */,
				AE28D5A629F85C070032CA76 /* Release */,
			);
			defaultConfigurationIsVisible = 0;
			defaultConfigurationName = Release;
		};
		AE28D5A729F85C070032CA76 /* Build configuration list for PBXNativeTarget "example-watch Watch App" */ = {
			isa = XCConfigurationList;
			buildConfigurations = (
				AE28D5A829F85C070032CA76 /* Debug */,
				AE28D5A929F85C070032CA76 /* Release */,
			);
			defaultConfigurationIsVisible = 0;
			defaultConfigurationName = Release;
		};
		AE28D5AB29F85C070032CA76 /* Build configuration list for PBXNativeTarget "example-watch" */ = {
			isa = XCConfigurationList;
			buildConfigurations = (
				AE28D5AC29F85C070032CA76 /* Debug */,
				AE28D5AD29F85C070032CA76 /* Release */,
			);
			defaultConfigurationIsVisible = 0;
			defaultConfigurationName = Release;
		};
		AE28D5AE29F85C070032CA76 /* Build configuration list for PBXNativeTarget "example-watch Watch AppTests" */ = {
			isa = XCConfigurationList;
			buildConfigurations = (
				AE28D5AF29F85C070032CA76 /* Debug */,
				AE28D5B029F85C070032CA76 /* Release */,
			);
			defaultConfigurationIsVisible = 0;
			defaultConfigurationName = Release;
		};
		AE28D5B129F85C070032CA76 /* Build configuration list for PBXNativeTarget "example-watch Watch AppUITests" */ = {
			isa = XCConfigurationList;
			buildConfigurations = (
				AE28D5B229F85C070032CA76 /* Debug */,
				AE28D5B329F85C070032CA76 /* Release */,
			);
			defaultConfigurationIsVisible = 0;
			defaultConfigurationName = Release;
		};
/* End XCConfigurationList section */
	};
	rootObject = AE28D57529F85C040032CA76 /* Project object */;
}
